// !$*UTF8*$!
{
	archiveVersion = 1;
	classes = {
	};
	objectVersion = 55;
	objects = {

/* Begin PBXBuildFile section */
		918F579D2796DEE100FA5C5F /* AppDelegate.swift in Sources */ = {isa = PBXBuildFile; fileRef = 918F579C2796DEE100FA5C5F /* AppDelegate.swift */; };
		918F579F2796DEE100FA5C5F /* SceneDelegate.swift in Sources */ = {isa = PBXBuildFile; fileRef = 918F579E2796DEE100FA5C5F /* SceneDelegate.swift */; };
		918F57A12796DEE100FA5C5F /* MediaLibraryViewController.swift in Sources */ = {isa = PBXBuildFile; fileRef = 918F57A02796DEE100FA5C5F /* MediaLibraryViewController.swift */; };
		918F57A62796DEE200FA5C5F /* Assets.xcassets in Resources */ = {isa = PBXBuildFile; fileRef = 918F57A52796DEE200FA5C5F /* Assets.xcassets */; };
		918F57A92796DEE200FA5C5F /* LaunchScreen.storyboard in Resources */ = {isa = PBXBuildFile; fileRef = 918F57A72796DEE200FA5C5F /* LaunchScreen.storyboard */; };
		918F57B12796E05900FA5C5F /* .swiftlint.yml in Resources */ = {isa = PBXBuildFile; fileRef = 918F57B02796E05900FA5C5F /* .swiftlint.yml */; };
		918F57B52796E84B00FA5C5F /* SnapKit in Frameworks */ = {isa = PBXBuildFile; productRef = 918F57B42796E84B00FA5C5F /* SnapKit */; };
		918F57BB2796EA6100FA5C5F /* MediaLibraryViewModel.swift in Sources */ = {isa = PBXBuildFile; fileRef = 918F57BA2796EA6100FA5C5F /* MediaLibraryViewModel.swift */; };
		918F57BD2796EAA300FA5C5F /* MediaPlayerManager.swift in Sources */ = {isa = PBXBuildFile; fileRef = 918F57BC2796EAA300FA5C5F /* MediaPlayerManager.swift */; };
		918F57BF2796EABB00FA5C5F /* AudioPlayerManager.swift in Sources */ = {isa = PBXBuildFile; fileRef = 918F57BE2796EABB00FA5C5F /* AudioPlayerManager.swift */; };
		918F57C22796EE5B00FA5C5F /* MediaAlbum.swift in Sources */ = {isa = PBXBuildFile; fileRef = 918F57C12796EE5B00FA5C5F /* MediaAlbum.swift */; };
		918F57C42796EED200FA5C5F /* MediaCollectionViewCell.swift in Sources */ = {isa = PBXBuildFile; fileRef = 918F57C32796EED200FA5C5F /* MediaCollectionViewCell.swift */; };
		918F57C7279701C700FA5C5F /* MediaTrack.swift in Sources */ = {isa = PBXBuildFile; fileRef = 918F57C6279701C700FA5C5F /* MediaTrack.swift */; };
		918F57C92797040900FA5C5F /* MediaLibrary.swift in Sources */ = {isa = PBXBuildFile; fileRef = 918F57C82797040900FA5C5F /* MediaLibrary.swift */; };
		918F57CC2797120500FA5C5F /* UICollectionViewCell+Extension.swift in Sources */ = {isa = PBXBuildFile; fileRef = 918F57CB2797120500FA5C5F /* UICollectionViewCell+Extension.swift */; };
		918F57CE2797125300FA5C5F /* UICollectionView+Extension.swift in Sources */ = {isa = PBXBuildFile; fileRef = 918F57CD2797125300FA5C5F /* UICollectionView+Extension.swift */; };
		91B51147279AFE9F00235E07 /* BaseViewController.swift in Sources */ = {isa = PBXBuildFile; fileRef = 91B51146279AFE9F00235E07 /* BaseViewController.swift */; };
		91B51149279AFF5500235E07 /* MiniPlayerViewController.swift in Sources */ = {isa = PBXBuildFile; fileRef = 91B51148279AFF5500235E07 /* MiniPlayerViewController.swift */; };
		91B5114B279AFF8800235E07 /* MainPlayerViewController.swift in Sources */ = {isa = PBXBuildFile; fileRef = 91B5114A279AFF8800235E07 /* MainPlayerViewController.swift */; };
		91B5114D279B01EE00235E07 /* HalfPresentationController.swift in Sources */ = {isa = PBXBuildFile; fileRef = 91B5114C279B01EE00235E07 /* HalfPresentationController.swift */; };
/* End PBXBuildFile section */

/* Begin PBXFileReference section */
		918F57992796DEE100FA5C5F /* SimpleMusicPlayer.app */ = {isa = PBXFileReference; explicitFileType = wrapper.application; includeInIndex = 0; path = SimpleMusicPlayer.app; sourceTree = BUILT_PRODUCTS_DIR; };
		918F579C2796DEE100FA5C5F /* AppDelegate.swift */ = {isa = PBXFileReference; lastKnownFileType = sourcecode.swift; path = AppDelegate.swift; sourceTree = "<group>"; };
		918F579E2796DEE100FA5C5F /* SceneDelegate.swift */ = {isa = PBXFileReference; lastKnownFileType = sourcecode.swift; path = SceneDelegate.swift; sourceTree = "<group>"; };
		918F57A02796DEE100FA5C5F /* MediaLibraryViewController.swift */ = {isa = PBXFileReference; lastKnownFileType = sourcecode.swift; path = MediaLibraryViewController.swift; sourceTree = "<group>"; };
		918F57A52796DEE200FA5C5F /* Assets.xcassets */ = {isa = PBXFileReference; lastKnownFileType = folder.assetcatalog; path = Assets.xcassets; sourceTree = "<group>"; };
		918F57A82796DEE200FA5C5F /* Base */ = {isa = PBXFileReference; lastKnownFileType = file.storyboard; name = Base; path = Base.lproj/LaunchScreen.storyboard; sourceTree = "<group>"; };
		918F57AA2796DEE200FA5C5F /* Info.plist */ = {isa = PBXFileReference; lastKnownFileType = text.plist.xml; path = Info.plist; sourceTree = "<group>"; };
		918F57B02796E05900FA5C5F /* .swiftlint.yml */ = {isa = PBXFileReference; lastKnownFileType = text.yaml; path = .swiftlint.yml; sourceTree = "<group>"; };
		918F57BA2796EA6100FA5C5F /* MediaLibraryViewModel.swift */ = {isa = PBXFileReference; lastKnownFileType = sourcecode.swift; path = MediaLibraryViewModel.swift; sourceTree = "<group>"; };
		918F57BC2796EAA300FA5C5F /* MediaPlayerManager.swift */ = {isa = PBXFileReference; lastKnownFileType = sourcecode.swift; path = MediaPlayerManager.swift; sourceTree = "<group>"; };
		918F57BE2796EABB00FA5C5F /* AudioPlayerManager.swift */ = {isa = PBXFileReference; lastKnownFileType = sourcecode.swift; path = AudioPlayerManager.swift; sourceTree = "<group>"; };
		918F57C12796EE5B00FA5C5F /* MediaAlbum.swift */ = {isa = PBXFileReference; lastKnownFileType = sourcecode.swift; path = MediaAlbum.swift; sourceTree = "<group>"; };
		918F57C32796EED200FA5C5F /* MediaCollectionViewCell.swift */ = {isa = PBXFileReference; lastKnownFileType = sourcecode.swift; path = MediaCollectionViewCell.swift; sourceTree = "<group>"; };
		918F57C6279701C700FA5C5F /* MediaTrack.swift */ = {isa = PBXFileReference; lastKnownFileType = sourcecode.swift; path = MediaTrack.swift; sourceTree = "<group>"; };
		918F57C82797040900FA5C5F /* MediaLibrary.swift */ = {isa = PBXFileReference; lastKnownFileType = sourcecode.swift; path = MediaLibrary.swift; sourceTree = "<group>"; };
		918F57CB2797120500FA5C5F /* UICollectionViewCell+Extension.swift */ = {isa = PBXFileReference; lastKnownFileType = sourcecode.swift; path = "UICollectionViewCell+Extension.swift"; sourceTree = "<group>"; };
		918F57CD2797125300FA5C5F /* UICollectionView+Extension.swift */ = {isa = PBXFileReference; lastKnownFileType = sourcecode.swift; path = "UICollectionView+Extension.swift"; sourceTree = "<group>"; };
		91B51146279AFE9F00235E07 /* BaseViewController.swift */ = {isa = PBXFileReference; lastKnownFileType = sourcecode.swift; path = BaseViewController.swift; sourceTree = "<group>"; };
		91B51148279AFF5500235E07 /* MiniPlayerViewController.swift */ = {isa = PBXFileReference; lastKnownFileType = sourcecode.swift; path = MiniPlayerViewController.swift; sourceTree = "<group>"; };
		91B5114A279AFF8800235E07 /* MainPlayerViewController.swift */ = {isa = PBXFileReference; lastKnownFileType = sourcecode.swift; path = MainPlayerViewController.swift; sourceTree = "<group>"; };
		91B5114C279B01EE00235E07 /* HalfPresentationController.swift */ = {isa = PBXFileReference; lastKnownFileType = sourcecode.swift; path = HalfPresentationController.swift; sourceTree = "<group>"; };
/* End PBXFileReference section */

/* Begin PBXFrameworksBuildPhase section */
		918F57962796DEE100FA5C5F /* Frameworks */ = {
			isa = PBXFrameworksBuildPhase;
			buildActionMask = 2147483647;
			files = (
				918F57B52796E84B00FA5C5F /* SnapKit in Frameworks */,
			);
			runOnlyForDeploymentPostprocessing = 0;
		};
/* End PBXFrameworksBuildPhase section */

/* Begin PBXGroup section */
		918F57902796DEE100FA5C5F = {
			isa = PBXGroup;
			children = (
				918F57B02796E05900FA5C5F /* .swiftlint.yml */,
				918F579B2796DEE100FA5C5F /* SimpleMusicPlayer */,
				918F579A2796DEE100FA5C5F /* Products */,
			);
			sourceTree = "<group>";
		};
		918F579A2796DEE100FA5C5F /* Products */ = {
			isa = PBXGroup;
			children = (
				918F57992796DEE100FA5C5F /* SimpleMusicPlayer.app */,
			);
			name = Products;
			sourceTree = "<group>";
		};
		918F579B2796DEE100FA5C5F /* SimpleMusicPlayer */ = {
			isa = PBXGroup;
			children = (
				918F57B62796E9CC00FA5C5F /* Application */,
				918F57C02796EC1E00FA5C5F /* Model */,
				91B51142279AFE2E00235E07 /* MediaLibraryView */,
				91B51143279AFE5300235E07 /* MusicPlayerView */,
				918F57B92796E9F600FA5C5F /* Manager */,
				918F57C52796EF4100FA5C5F /* Extensions */,
				918F57A52796DEE200FA5C5F /* Assets.xcassets */,
				918F57A72796DEE200FA5C5F /* LaunchScreen.storyboard */,
				918F57AA2796DEE200FA5C5F /* Info.plist */,
			);
			path = SimpleMusicPlayer;
			sourceTree = "<group>";
		};
		918F57B62796E9CC00FA5C5F /* Application */ = {
			isa = PBXGroup;
			children = (
				918F579C2796DEE100FA5C5F /* AppDelegate.swift */,
				918F579E2796DEE100FA5C5F /* SceneDelegate.swift */,
				91B51146279AFE9F00235E07 /* BaseViewController.swift */,
			);
			path = Application;
			sourceTree = "<group>";
		};
		918F57B72796E9D700FA5C5F /* View */ = {
			isa = PBXGroup;
			children = (
				918F57A02796DEE100FA5C5F /* MediaLibraryViewController.swift */,
				918F57C32796EED200FA5C5F /* MediaCollectionViewCell.swift */,
			);
			path = View;
			sourceTree = "<group>";
		};
		918F57B82796E9ED00FA5C5F /* ViewModel */ = {
			isa = PBXGroup;
			children = (
				918F57BA2796EA6100FA5C5F /* MediaLibraryViewModel.swift */,
			);
			path = ViewModel;
			sourceTree = "<group>";
		};
		918F57B92796E9F600FA5C5F /* Manager */ = {
			isa = PBXGroup;
			children = (
				918F57BC2796EAA300FA5C5F /* MediaPlayerManager.swift */,
				918F57BE2796EABB00FA5C5F /* AudioPlayerManager.swift */,
			);
			path = Manager;
			sourceTree = "<group>";
		};
		918F57C02796EC1E00FA5C5F /* Model */ = {
			isa = PBXGroup;
			children = (
				918F57C82797040900FA5C5F /* MediaLibrary.swift */,
				918F57C12796EE5B00FA5C5F /* MediaAlbum.swift */,
				918F57C6279701C700FA5C5F /* MediaTrack.swift */,
			);
			path = Model;
			sourceTree = "<group>";
		};
		918F57C52796EF4100FA5C5F /* Extensions */ = {
			isa = PBXGroup;
			children = (
				918F57CB2797120500FA5C5F /* UICollectionViewCell+Extension.swift */,
				918F57CD2797125300FA5C5F /* UICollectionView+Extension.swift */,
			);
			path = Extensions;
			sourceTree = "<group>";
		};
		91B51142279AFE2E00235E07 /* MediaLibraryView */ = {
			isa = PBXGroup;
			children = (
				918F57B72796E9D700FA5C5F /* View */,
				918F57B82796E9ED00FA5C5F /* ViewModel */,
			);
			path = MediaLibraryView;
			sourceTree = "<group>";
		};
		91B51143279AFE5300235E07 /* MusicPlayerView */ = {
			isa = PBXGroup;
			children = (
				91B51144279AFE6A00235E07 /* View */,
				91B51145279AFE7500235E07 /* ViewModel */,
			);
			path = MusicPlayerView;
			sourceTree = "<group>";
		};
		91B51144279AFE6A00235E07 /* View */ = {
			isa = PBXGroup;
			children = (
				91B51148279AFF5500235E07 /* MiniPlayerViewController.swift */,
				91B5114A279AFF8800235E07 /* MainPlayerViewController.swift */,
				91B5114C279B01EE00235E07 /* HalfPresentationController.swift */,
			);
			path = View;
			sourceTree = "<group>";
		};
		91B51145279AFE7500235E07 /* ViewModel */ = {
			isa = PBXGroup;
			children = (
			);
			path = ViewModel;
			sourceTree = "<group>";
		};
/* End PBXGroup section */

/* Begin PBXNativeTarget section */
		918F57982796DEE100FA5C5F /* SimpleMusicPlayer */ = {
			isa = PBXNativeTarget;
			buildConfigurationList = 918F57AD2796DEE200FA5C5F /* Build configuration list for PBXNativeTarget "SimpleMusicPlayer" */;
			buildPhases = (
				918F57B22796E0CC00FA5C5F /* SwiftLint Script */,
				918F57952796DEE100FA5C5F /* Sources */,
				918F57962796DEE100FA5C5F /* Frameworks */,
				918F57972796DEE100FA5C5F /* Resources */,
			);
			buildRules = (
			);
			dependencies = (
			);
			name = SimpleMusicPlayer;
			packageProductDependencies = (
				918F57B42796E84B00FA5C5F /* SnapKit */,
			);
			productName = SimpleMusicPlayer;
			productReference = 918F57992796DEE100FA5C5F /* SimpleMusicPlayer.app */;
			productType = "com.apple.product-type.application";
		};
/* End PBXNativeTarget section */

/* Begin PBXProject section */
		918F57912796DEE100FA5C5F /* Project object */ = {
			isa = PBXProject;
			attributes = {
				BuildIndependentTargetsInParallel = 1;
				LastSwiftUpdateCheck = 1320;
				LastUpgradeCheck = 1320;
				TargetAttributes = {
					918F57982796DEE100FA5C5F = {
						CreatedOnToolsVersion = 13.2.1;
					};
				};
			};
			buildConfigurationList = 918F57942796DEE100FA5C5F /* Build configuration list for PBXProject "SimpleMusicPlayer" */;
			compatibilityVersion = "Xcode 13.0";
			developmentRegion = en;
			hasScannedForEncodings = 0;
			knownRegions = (
				en,
				Base,
			);
			mainGroup = 918F57902796DEE100FA5C5F;
			packageReferences = (
				918F57B32796E84B00FA5C5F /* XCRemoteSwiftPackageReference "SnapKit" */,
			);
			productRefGroup = 918F579A2796DEE100FA5C5F /* Products */;
			projectDirPath = "";
			projectRoot = "";
			targets = (
				918F57982796DEE100FA5C5F /* SimpleMusicPlayer */,
			);
		};
/* End PBXProject section */

/* Begin PBXResourcesBuildPhase section */
		918F57972796DEE100FA5C5F /* Resources */ = {
			isa = PBXResourcesBuildPhase;
			buildActionMask = 2147483647;
			files = (
				918F57B12796E05900FA5C5F /* .swiftlint.yml in Resources */,
				918F57A92796DEE200FA5C5F /* LaunchScreen.storyboard in Resources */,
				918F57A62796DEE200FA5C5F /* Assets.xcassets in Resources */,
			);
			runOnlyForDeploymentPostprocessing = 0;
		};
/* End PBXResourcesBuildPhase section */

/* Begin PBXShellScriptBuildPhase section */
		918F57B22796E0CC00FA5C5F /* SwiftLint Script */ = {
			isa = PBXShellScriptBuildPhase;
			buildActionMask = 2147483647;
			files = (
			);
			inputFileListPaths = (
			);
			inputPaths = (
			);
			name = "SwiftLint Script";
			outputFileListPaths = (
			);
			outputPaths = (
			);
			runOnlyForDeploymentPostprocessing = 0;
			shellPath = /bin/sh;
			shellScript = "if test -d \"/opt/homebrew/bin/\"; then\n  PATH=\"/opt/homebrew/bin/:${PATH}\"\nfi\n\nexport PATH\n\nif which swiftlint >/dev/null; then\n  swiftlint\nelse\n  echo \"warning: SwiftLint not installed, download from https://github.com/realm/SwiftLint\"\nfi\n";
		};
/* End PBXShellScriptBuildPhase section */

/* Begin PBXSourcesBuildPhase section */
		918F57952796DEE100FA5C5F /* Sources */ = {
			isa = PBXSourcesBuildPhase;
			buildActionMask = 2147483647;
			files = (
				91B51147279AFE9F00235E07 /* BaseViewController.swift in Sources */,
				918F57CE2797125300FA5C5F /* UICollectionView+Extension.swift in Sources */,
				91B5114B279AFF8800235E07 /* MainPlayerViewController.swift in Sources */,
				918F57BB2796EA6100FA5C5F /* MediaLibraryViewModel.swift in Sources */,
				918F57BF2796EABB00FA5C5F /* AudioPlayerManager.swift in Sources */,
				918F57A12796DEE100FA5C5F /* MediaLibraryViewController.swift in Sources */,
				918F57C7279701C700FA5C5F /* MediaTrack.swift in Sources */,
				91B51149279AFF5500235E07 /* MiniPlayerViewController.swift in Sources */,
				918F57C22796EE5B00FA5C5F /* MediaAlbum.swift in Sources */,
				918F57BD2796EAA300FA5C5F /* MediaPlayerManager.swift in Sources */,
				918F579D2796DEE100FA5C5F /* AppDelegate.swift in Sources */,
				918F579F2796DEE100FA5C5F /* SceneDelegate.swift in Sources */,
				91B5114D279B01EE00235E07 /* HalfPresentationController.swift in Sources */,
				918F57C92797040900FA5C5F /* MediaLibrary.swift in Sources */,
				918F57C42796EED200FA5C5F /* MediaCollectionViewCell.swift in Sources */,
				918F57CC2797120500FA5C5F /* UICollectionViewCell+Extension.swift in Sources */,
			);
			runOnlyForDeploymentPostprocessing = 0;
		};
/* End PBXSourcesBuildPhase section */

/* Begin PBXVariantGroup section */
		918F57A72796DEE200FA5C5F /* LaunchScreen.storyboard */ = {
			isa = PBXVariantGroup;
			children = (
				918F57A82796DEE200FA5C5F /* Base */,
			);
			name = LaunchScreen.storyboard;
			sourceTree = "<group>";
		};
/* End PBXVariantGroup section */

/* Begin XCBuildConfiguration section */
		918F57AB2796DEE200FA5C5F /* Debug */ = {
			isa = XCBuildConfiguration;
			buildSettings = {
				ALWAYS_SEARCH_USER_PATHS = NO;
				CLANG_ANALYZER_NONNULL = YES;
				CLANG_ANALYZER_NUMBER_OBJECT_CONVERSION = YES_AGGRESSIVE;
				CLANG_CXX_LANGUAGE_STANDARD = "gnu++17";
				CLANG_CXX_LIBRARY = "libc++";
				CLANG_ENABLE_MODULES = YES;
				CLANG_ENABLE_OBJC_ARC = YES;
				CLANG_ENABLE_OBJC_WEAK = YES;
				CLANG_WARN_BLOCK_CAPTURE_AUTORELEASING = YES;
				CLANG_WARN_BOOL_CONVERSION = YES;
				CLANG_WARN_COMMA = YES;
				CLANG_WARN_CONSTANT_CONVERSION = YES;
				CLANG_WARN_DEPRECATED_OBJC_IMPLEMENTATIONS = YES;
				CLANG_WARN_DIRECT_OBJC_ISA_USAGE = YES_ERROR;
				CLANG_WARN_DOCUMENTATION_COMMENTS = YES;
				CLANG_WARN_EMPTY_BODY = YES;
				CLANG_WARN_ENUM_CONVERSION = YES;
				CLANG_WARN_INFINITE_RECURSION = YES;
				CLANG_WARN_INT_CONVERSION = YES;
				CLANG_WARN_NON_LITERAL_NULL_CONVERSION = YES;
				CLANG_WARN_OBJC_IMPLICIT_RETAIN_SELF = YES;
				CLANG_WARN_OBJC_LITERAL_CONVERSION = YES;
				CLANG_WARN_OBJC_ROOT_CLASS = YES_ERROR;
				CLANG_WARN_QUOTED_INCLUDE_IN_FRAMEWORK_HEADER = YES;
				CLANG_WARN_RANGE_LOOP_ANALYSIS = YES;
				CLANG_WARN_STRICT_PROTOTYPES = YES;
				CLANG_WARN_SUSPICIOUS_MOVE = YES;
				CLANG_WARN_UNGUARDED_AVAILABILITY = YES_AGGRESSIVE;
				CLANG_WARN_UNREACHABLE_CODE = YES;
				CLANG_WARN__DUPLICATE_METHOD_MATCH = YES;
				COPY_PHASE_STRIP = NO;
				DEBUG_INFORMATION_FORMAT = dwarf;
				ENABLE_STRICT_OBJC_MSGSEND = YES;
				ENABLE_TESTABILITY = YES;
				GCC_C_LANGUAGE_STANDARD = gnu11;
				GCC_DYNAMIC_NO_PIC = NO;
				GCC_NO_COMMON_BLOCKS = YES;
				GCC_OPTIMIZATION_LEVEL = 0;
				GCC_PREPROCESSOR_DEFINITIONS = (
					"DEBUG=1",
					"$(inherited)",
				);
				GCC_WARN_64_TO_32_BIT_CONVERSION = YES;
				GCC_WARN_ABOUT_RETURN_TYPE = YES_ERROR;
				GCC_WARN_UNDECLARED_SELECTOR = YES;
				GCC_WARN_UNINITIALIZED_AUTOS = YES_AGGRESSIVE;
				GCC_WARN_UNUSED_FUNCTION = YES;
				GCC_WARN_UNUSED_VARIABLE = YES;
				IPHONEOS_DEPLOYMENT_TARGET = 13.0;
				MTL_ENABLE_DEBUG_INFO = INCLUDE_SOURCE;
				MTL_FAST_MATH = YES;
				ONLY_ACTIVE_ARCH = YES;
				SDKROOT = iphoneos;
				SWIFT_ACTIVE_COMPILATION_CONDITIONS = DEBUG;
				SWIFT_OPTIMIZATION_LEVEL = "-Onone";
			};
			name = Debug;
		};
		918F57AC2796DEE200FA5C5F /* Release */ = {
			isa = XCBuildConfiguration;
			buildSettings = {
				ALWAYS_SEARCH_USER_PATHS = NO;
				CLANG_ANALYZER_NONNULL = YES;
				CLANG_ANALYZER_NUMBER_OBJECT_CONVERSION = YES_AGGRESSIVE;
				CLANG_CXX_LANGUAGE_STANDARD = "gnu++17";
				CLANG_CXX_LIBRARY = "libc++";
				CLANG_ENABLE_MODULES = YES;
				CLANG_ENABLE_OBJC_ARC = YES;
				CLANG_ENABLE_OBJC_WEAK = YES;
				CLANG_WARN_BLOCK_CAPTURE_AUTORELEASING = YES;
				CLANG_WARN_BOOL_CONVERSION = YES;
				CLANG_WARN_COMMA = YES;
				CLANG_WARN_CONSTANT_CONVERSION = YES;
				CLANG_WARN_DEPRECATED_OBJC_IMPLEMENTATIONS = YES;
				CLANG_WARN_DIRECT_OBJC_ISA_USAGE = YES_ERROR;
				CLANG_WARN_DOCUMENTATION_COMMENTS = YES;
				CLANG_WARN_EMPTY_BODY = YES;
				CLANG_WARN_ENUM_CONVERSION = YES;
				CLANG_WARN_INFINITE_RECURSION = YES;
				CLANG_WARN_INT_CONVERSION = YES;
				CLANG_WARN_NON_LITERAL_NULL_CONVERSION = YES;
				CLANG_WARN_OBJC_IMPLICIT_RETAIN_SELF = YES;
				CLANG_WARN_OBJC_LITERAL_CONVERSION = YES;
				CLANG_WARN_OBJC_ROOT_CLASS = YES_ERROR;
				CLANG_WARN_QUOTED_INCLUDE_IN_FRAMEWORK_HEADER = YES;
				CLANG_WARN_RANGE_LOOP_ANALYSIS = YES;
				CLANG_WARN_STRICT_PROTOTYPES = YES;
				CLANG_WARN_SUSPICIOUS_MOVE = YES;
				CLANG_WARN_UNGUARDED_AVAILABILITY = YES_AGGRESSIVE;
				CLANG_WARN_UNREACHABLE_CODE = YES;
				CLANG_WARN__DUPLICATE_METHOD_MATCH = YES;
				COPY_PHASE_STRIP = NO;
				DEBUG_INFORMATION_FORMAT = "dwarf-with-dsym";
				ENABLE_NS_ASSERTIONS = NO;
				ENABLE_STRICT_OBJC_MSGSEND = YES;
				GCC_C_LANGUAGE_STANDARD = gnu11;
				GCC_NO_COMMON_BLOCKS = YES;
				GCC_WARN_64_TO_32_BIT_CONVERSION = YES;
				GCC_WARN_ABOUT_RETURN_TYPE = YES_ERROR;
				GCC_WARN_UNDECLARED_SELECTOR = YES;
				GCC_WARN_UNINITIALIZED_AUTOS = YES_AGGRESSIVE;
				GCC_WARN_UNUSED_FUNCTION = YES;
				GCC_WARN_UNUSED_VARIABLE = YES;
				IPHONEOS_DEPLOYMENT_TARGET = 13.0;
				MTL_ENABLE_DEBUG_INFO = NO;
				MTL_FAST_MATH = YES;
				SDKROOT = iphoneos;
				SWIFT_COMPILATION_MODE = wholemodule;
				SWIFT_OPTIMIZATION_LEVEL = "-O";
				VALIDATE_PRODUCT = YES;
			};
			name = Release;
		};
		918F57AE2796DEE200FA5C5F /* Debug */ = {
			isa = XCBuildConfiguration;
			buildSettings = {
				ASSETCATALOG_COMPILER_APPICON_NAME = AppIcon;
				ASSETCATALOG_COMPILER_GLOBAL_ACCENT_COLOR_NAME = AccentColor;
				CODE_SIGN_STYLE = Automatic;
				CURRENT_PROJECT_VERSION = 1;
				DEVELOPMENT_TEAM = 5RA2K927XU;
				GENERATE_INFOPLIST_FILE = YES;
				INFOPLIST_FILE = SimpleMusicPlayer/Info.plist;
				INFOPLIST_KEY_UIApplicationSupportsIndirectInputEvents = YES;
				INFOPLIST_KEY_UILaunchStoryboardName = LaunchScreen;
				INFOPLIST_KEY_UISupportedInterfaceOrientations = UIInterfaceOrientationPortrait;
				INFOPLIST_KEY_UISupportedInterfaceOrientations_iPad = "UIInterfaceOrientationPortrait UIInterfaceOrientationPortraitUpsideDown UIInterfaceOrientationLandscapeLeft UIInterfaceOrientationLandscapeRight";
				INFOPLIST_KEY_UISupportedInterfaceOrientations_iPhone = "UIInterfaceOrientationPortrait UIInterfaceOrientationLandscapeLeft UIInterfaceOrientationLandscapeRight";
				IPHONEOS_DEPLOYMENT_TARGET = 13.0;
				LD_RUNPATH_SEARCH_PATHS = (
					"$(inherited)",
					"@executable_path/Frameworks",
				);
				MARKETING_VERSION = 1.0;
				PRODUCT_BUNDLE_IDENTIFIER = soohyeon0487.SimpleMusicPlayer;
				PRODUCT_NAME = "$(TARGET_NAME)";
				SWIFT_EMIT_LOC_STRINGS = YES;
				SWIFT_VERSION = 5.0;
				TARGETED_DEVICE_FAMILY = 1;
			};
			name = Debug;
		};
		918F57AF2796DEE200FA5C5F /* Release */ = {
			isa = XCBuildConfiguration;
			buildSettings = {
				ASSETCATALOG_COMPILER_APPICON_NAME = AppIcon;
				ASSETCATALOG_COMPILER_GLOBAL_ACCENT_COLOR_NAME = AccentColor;
				CODE_SIGN_STYLE = Automatic;
				CURRENT_PROJECT_VERSION = 1;
				DEVELOPMENT_TEAM = 5RA2K927XU;
				GENERATE_INFOPLIST_FILE = YES;
				INFOPLIST_FILE = SimpleMusicPlayer/Info.plist;
				INFOPLIST_KEY_UIApplicationSupportsIndirectInputEvents = YES;
				INFOPLIST_KEY_UILaunchStoryboardName = LaunchScreen;
				INFOPLIST_KEY_UISupportedInterfaceOrientations = UIInterfaceOrientationPortrait;
				INFOPLIST_KEY_UISupportedInterfaceOrientations_iPad = "UIInterfaceOrientationPortrait UIInterfaceOrientationPortraitUpsideDown UIInterfaceOrientationLandscapeLeft UIInterfaceOrientationLandscapeRight";
				INFOPLIST_KEY_UISupportedInterfaceOrientations_iPhone = "UIInterfaceOrientationPortrait UIInterfaceOrientationLandscapeLeft UIInterfaceOrientationLandscapeRight";
				IPHONEOS_DEPLOYMENT_TARGET = 13.0;
				LD_RUNPATH_SEARCH_PATHS = (
					"$(inherited)",
					"@executable_path/Frameworks",
				);
				MARKETING_VERSION = 1.0;
				PRODUCT_BUNDLE_IDENTIFIER = soohyeon0487.SimpleMusicPlayer;
				PRODUCT_NAME = "$(TARGET_NAME)";
				SWIFT_EMIT_LOC_STRINGS = YES;
				SWIFT_VERSION = 5.0;
				TARGETED_DEVICE_FAMILY = 1;
			};
			name = Release;
		};
/* End XCBuildConfiguration section */

/* Begin XCConfigurationList section */
		918F57942796DEE100FA5C5F /* Build configuration list for PBXProject "SimpleMusicPlayer" */ = {
			isa = XCConfigurationList;
			buildConfigurations = (
				918F57AB2796DEE200FA5C5F /* Debug */,
				918F57AC2796DEE200FA5C5F /* Release */,
			);
			defaultConfigurationIsVisible = 0;
			defaultConfigurationName = Release;
		};
		918F57AD2796DEE200FA5C5F /* Build configuration list for PBXNativeTarget "SimpleMusicPlayer" */ = {
			isa = XCConfigurationList;
			buildConfigurations = (
				918F57AE2796DEE200FA5C5F /* Debug */,
				918F57AF2796DEE200FA5C5F /* Release */,
			);
			defaultConfigurationIsVisible = 0;
			defaultConfigurationName = Release;
		};
/* End XCConfigurationList section */

/* Begin XCRemoteSwiftPackageReference section */
		918F57B32796E84B00FA5C5F /* XCRemoteSwiftPackageReference "SnapKit" */ = {
			isa = XCRemoteSwiftPackageReference;
			repositoryURL = "https://github.com/SnapKit/SnapKit";
			requirement = {
				branch = develop;
				kind = branch;
			};
		};
/* End XCRemoteSwiftPackageReference section */

/* Begin XCSwiftPackageProductDependency section */
		918F57B42796E84B00FA5C5F /* SnapKit */ = {
			isa = XCSwiftPackageProductDependency;
			package = 918F57B32796E84B00FA5C5F /* XCRemoteSwiftPackageReference "SnapKit" */;
			productName = SnapKit;
		};
/* End XCSwiftPackageProductDependency section */
	};
	rootObject = 918F57912796DEE100FA5C5F /* Project object */;
}
